// !$*UTF8*$!
{
	archiveVersion = 1;
	classes = {
	};
	objectVersion = 46;
	objects = {

/* Begin PBXBuildFile section */
		D0081CF81DC737DB003F18CC /* AppDelegate.swift in Sources */ = {isa = PBXBuildFile; fileRef = D0081CF71DC737DB003F18CC /* AppDelegate.swift */; };
		D0081CFA1DC737DB003F18CC /* ViewController.swift in Sources */ = {isa = PBXBuildFile; fileRef = D0081CF91DC737DB003F18CC /* ViewController.swift */; };
		D0081CFD1DC737DB003F18CC /* Main.storyboard in Resources */ = {isa = PBXBuildFile; fileRef = D0081CFB1DC737DB003F18CC /* Main.storyboard */; };
		D0081CFF1DC737DB003F18CC /* Assets.xcassets in Resources */ = {isa = PBXBuildFile; fileRef = D0081CFE1DC737DB003F18CC /* Assets.xcassets */; };
		D0081D021DC737DB003F18CC /* LaunchScreen.storyboard in Resources */ = {isa = PBXBuildFile; fileRef = D0081D001DC737DB003F18CC /* LaunchScreen.storyboard */; };
		D0081D0D1DC737DB003F18CC /* addCustonViewTests.swift in Sources */ = {isa = PBXBuildFile; fileRef = D0081D0C1DC737DB003F18CC /* addCustonViewTests.swift */; };
		D0081D181DC7380C003F18CC /* CustomView.swift in Sources */ = {isa = PBXBuildFile; fileRef = D0081D171DC7380C003F18CC /* CustomView.swift */; };
/* End PBXBuildFile section */

/* Begin PBXContainerItemProxy section */
		D0081D091DC737DB003F18CC /* PBXContainerItemProxy */ = {
			isa = PBXContainerItemProxy;
			containerPortal = D0081CEC1DC737DA003F18CC /* Project object */;
			proxyType = 1;
			remoteGlobalIDString = D0081CF31DC737DB003F18CC;
			remoteInfo = addCustonView;
		};
/* End PBXContainerItemProxy section */

/* Begin PBXFileReference section */
		D0081CF41DC737DB003F18CC /* addCustonView.app */ = {isa = PBXFileReference; explicitFileType = wrapper.application; includeInIndex = 0; path = addCustonView.app; sourceTree = BUILT_PRODUCTS_DIR; };
		D0081CF71DC737DB003F18CC /* AppDelegate.swift */ = {isa = PBXFileReference; lastKnownFileType = sourcecode.swift; path = AppDelegate.swift; sourceTree = "<group>"; };
		D0081CF91DC737DB003F18CC /* ViewController.swift */ = {isa = PBXFileReference; lastKnownFileType = sourcecode.swift; path = ViewController.swift; sourceTree = "<group>"; };
		D0081CFC1DC737DB003F18CC /* Base */ = {isa = PBXFileReference; lastKnownFileType = file.storyboard; name = Base; path = Base.lproj/Main.storyboard; sourceTree = "<group>"; };
		D0081CFE1DC737DB003F18CC /* Assets.xcassets */ = {isa = PBXFileReference; lastKnownFileType = folder.assetcatalog; path = Assets.xcassets; sourceTree = "<group>"; };
		D0081D011DC737DB003F18CC /* Base */ = {isa = PBXFileReference; lastKnownFileType = file.storyboard; name = Base; path = Base.lproj/LaunchScreen.storyboard; sourceTree = "<group>"; };
		D0081D031DC737DB003F18CC /* Info.plist */ = {isa = PBXFileReference; lastKnownFileType = text.plist.xml; path = Info.plist; sourceTree = "<group>"; };
		D0081D081DC737DB003F18CC /* addCustonViewTests.xctest */ = {isa = PBXFileReference; explicitFileType = wrapper.cfbundle; includeInIndex = 0; path = addCustonViewTests.xctest; sourceTree = BUILT_PRODUCTS_DIR; };
		D0081D0C1DC737DB003F18CC /* addCustonViewTests.swift */ = {isa = PBXFileReference; lastKnownFileType = sourcecode.swift; path = addCustonViewTests.swift; sourceTree = "<group>"; };
		D0081D0E1DC737DB003F18CC /* Info.plist */ = {isa = PBXFileReference; lastKnownFileType = text.plist.xml; path = Info.plist; sourceTree = "<group>"; };
		D0081D171DC7380C003F18CC /* CustomView.swift */ = {isa = PBXFileReference; fileEncoding = 4; lastKnownFileType = sourcecode.swift; name = CustomView.swift; path = ../CustomView.swift; sourceTree = "<group>"; };
/* End PBXFileReference section */

/* Begin PBXFrameworksBuildPhase section */
		D0081CF11DC737DB003F18CC /* Frameworks */ = {
			isa = PBXFrameworksBuildPhase;
			buildActionMask = 2147483647;
			files = (
			);
			runOnlyForDeploymentPostprocessing = 0;
		};
		D0081D051DC737DB003F18CC /* Frameworks */ = {
			isa = PBXFrameworksBuildPhase;
			buildActionMask = 2147483647;
			files = (
			);
			runOnlyForDeploymentPostprocessing = 0;
		};
/* End PBXFrameworksBuildPhase section */

/* Begin PBXGroup section */
		D0081CEB1DC737DA003F18CC = {
			isa = PBXGroup;
			children = (
				D0081CF61DC737DB003F18CC /* addCustonView */,
				D0081D0B1DC737DB003F18CC /* addCustonViewTests */,
				D0081CF51DC737DB003F18CC /* Products */,
			);
			sourceTree = "<group>";
		};
		D0081CF51DC737DB003F18CC /* Products */ = {
			isa = PBXGroup;
			children = (
				D0081CF41DC737DB003F18CC /* addCustonView.app */,
				D0081D081DC737DB003F18CC /* addCustonViewTests.xctest */,
			);
			name = Products;
			sourceTree = "<group>";
		};
		D0081CF61DC737DB003F18CC /* addCustonView */ = {
			isa = PBXGroup;
			children = (
				D0081D171DC7380C003F18CC /* CustomView.swift */,
				D0081CF71DC737DB003F18CC /* AppDelegate.swift */,
				D0081CF91DC737DB003F18CC /* ViewController.swift */,
				D0081CFB1DC737DB003F18CC /* Main.storyboard */,
				D0081CFE1DC737DB003F18CC /* Assets.xcassets */,
				D0081D001DC737DB003F18CC /* LaunchScreen.storyboard */,
				D0081D031DC737DB003F18CC /* Info.plist */,
			);
			path = addCustonView;
			sourceTree = "<group>";
		};
		D0081D0B1DC737DB003F18CC /* addCustonViewTests */ = {
			isa = PBXGroup;
			children = (
				D0081D0C1DC737DB003F18CC /* addCustonViewTests.swift */,
				D0081D0E1DC737DB003F18CC /* Info.plist */,
			);
			path = addCustonViewTests;
			sourceTree = "<group>";
		};
/* End PBXGroup section */

/* Begin PBXNativeTarget section */
		D0081CF31DC737DB003F18CC /* addCustonView */ = {
			isa = PBXNativeTarget;
			buildConfigurationList = D0081D111DC737DB003F18CC /* Build configuration list for PBXNativeTarget "addCustonView" */;
			buildPhases = (
				D0081CF01DC737DB003F18CC /* Sources */,
				D0081CF11DC737DB003F18CC /* Frameworks */,
				D0081CF21DC737DB003F18CC /* Resources */,
			);
			buildRules = (
			);
			dependencies = (
			);
			name = addCustonView;
			productName = addCustonView;
			productReference = D0081CF41DC737DB003F18CC /* addCustonView.app */;
			productType = "com.apple.product-type.application";
		};
		D0081D071DC737DB003F18CC /* addCustonViewTests */ = {
			isa = PBXNativeTarget;
			buildConfigurationList = D0081D141DC737DB003F18CC /* Build configuration list for PBXNativeTarget "addCustonViewTests" */;
			buildPhases = (
				D0081D041DC737DB003F18CC /* Sources */,
				D0081D051DC737DB003F18CC /* Frameworks */,
				D0081D061DC737DB003F18CC /* Resources */,
			);
			buildRules = (
			);
			dependencies = (
				D0081D0A1DC737DB003F18CC /* PBXTargetDependency */,
			);
			name = addCustonViewTests;
			productName = addCustonViewTests;
			productReference = D0081D081DC737DB003F18CC /* addCustonViewTests.xctest */;
			productType = "com.apple.product-type.bundle.unit-test";
		};
/* End PBXNativeTarget section */

/* Begin PBXProject section */
		D0081CEC1DC737DA003F18CC /* Project object */ = {
			isa = PBXProject;
			attributes = {
				LastSwiftUpdateCheck = 0800;
				LastUpgradeCheck = 0800;
				ORGANIZATIONNAME = LiWei;
				TargetAttributes = {
					D0081CF31DC737DB003F18CC = {
						CreatedOnToolsVersion = 8.0;
						ProvisioningStyle = Automatic;
					};
					D0081D071DC737DB003F18CC = {
						CreatedOnToolsVersion = 8.0;
						ProvisioningStyle = Automatic;
						TestTargetID = D0081CF31DC737DB003F18CC;
					};
				};
			};
			buildConfigurationList = D0081CEF1DC737DA003F18CC /* Build configuration list for PBXProject "addCustonView" */;
			compatibilityVersion = "Xcode 3.2";
			developmentRegion = English;
			hasScannedForEncodings = 0;
			knownRegions = (
				en,
				Base,
			);
			mainGroup = D0081CEB1DC737DA003F18CC;
			productRefGroup = D0081CF51DC737DB003F18CC /* Products */;
			projectDirPath = "";
			projectRoot = "";
			targets = (
				D0081CF31DC737DB003F18CC /* addCustonView */,
				D0081D071DC737DB003F18CC /* addCustonViewTests */,
			);
		};
/* End PBXProject section */

/* Begin PBXResourcesBuildPhase section */
		D0081CF21DC737DB003F18CC /* Resources */ = {
			isa = PBXResourcesBuildPhase;
			buildActionMask = 2147483647;
			files = (
				D0081D021DC737DB003F18CC /* LaunchScreen.storyboard in Resources */,
				D0081CFF1DC737DB003F18CC /* Assets.xcassets in Resources */,
				D0081CFD1DC737DB003F18CC /* Main.storyboard in Resources */,
			);
			runOnlyForDeploymentPostprocessing = 0;
		};
		D0081D061DC737DB003F18CC /* Resources */ = {
			isa = PBXResourcesBuildPhase;
			buildActionMask = 2147483647;
			files = (
			);
			runOnlyForDeploymentPostprocessing = 0;
		};
/* End PBXResourcesBuildPhase section */

/* Begin PBXSourcesBuildPhase section */
		D0081CF01DC737DB003F18CC /* Sources */ = {
			isa = PBXSourcesBuildPhase;
			buildActionMask = 2147483647;
			files = (
				D0081D181DC7380C003F18CC /* CustomView.swift in Sources */,
				D0081CFA1DC737DB003F18CC /* ViewController.swift in Sources */,
				D0081CF81DC737DB003F18CC /* AppDelegate.swift in Sources */,
			);
			runOnlyForDeploymentPostprocessing = 0;
		};
		D0081D041DC737DB003F18CC /* Sources */ = {
			isa = PBXSourcesBuildPhase;
			buildActionMask = 2147483647;
			files = (
				D0081D0D1DC737DB003F18CC /* addCustonViewTests.swift in Sources */,
			);
			runOnlyForDeploymentPostprocessing = 0;
		};
/* End PBXSourcesBuildPhase section */

/* Begin PBXTargetDependency section */
		D0081D0A1DC737DB003F18CC /* PBXTargetDependency */ = {
			isa = PBXTargetDependency;
			target = D0081CF31DC737DB003F18CC /* addCustonView */;
			targetProxy = D0081D091DC737DB003F18CC /* PBXContainerItemProxy */;
		};
/* End PBXTargetDependency section */

/* Begin PBXVariantGroup section */
		D0081CFB1DC737DB003F18CC /* Main.storyboard */ = {
			isa = PBXVariantGroup;
			children = (
				D0081CFC1DC737DB003F18CC /* Base */,
			);
			name = Main.storyboard;
			sourceTree = "<group>";
		};
		D0081D001DC737DB003F18CC /* LaunchScreen.storyboard */ = {
			isa = PBXVariantGroup;
			children = (
				D0081D011DC737DB003F18CC /* Base */,
			);
			name = LaunchScreen.storyboard;
			sourceTree = "<group>";
		};
/* End PBXVariantGroup section */

/* Begin XCBuildConfiguration section */
		D0081D0F1DC737DB003F18CC /* Debug */ = {
			isa = XCBuildConfiguration;
			buildSettings = {
				ALWAYS_SEARCH_USER_PATHS = NO;
				CLANG_ANALYZER_NONNULL = YES;
				CLANG_CXX_LANGUAGE_STANDARD = "gnu++0x";
				CLANG_CXX_LIBRARY = "libc++";
				CLANG_ENABLE_MODULES = YES;
				CLANG_ENABLE_OBJC_ARC = YES;
				CLANG_WARN_BOOL_CONVERSION = YES;
				CLANG_WARN_CONSTANT_CONVERSION = YES;
				CLANG_WARN_DIRECT_OBJC_ISA_USAGE = YES_ERROR;
				CLANG_WARN_DOCUMENTATION_COMMENTS = YES;
				CLANG_WARN_EMPTY_BODY = YES;
				CLANG_WARN_ENUM_CONVERSION = YES;
				CLANG_WARN_INFINITE_RECURSION = YES;
				CLANG_WARN_INT_CONVERSION = YES;
				CLANG_WARN_OBJC_ROOT_CLASS = YES_ERROR;
				CLANG_WARN_SUSPICIOUS_MOVES = YES;
				CLANG_WARN_UNREACHABLE_CODE = YES;
				CLANG_WARN__DUPLICATE_METHOD_MATCH = YES;
				"CODE_SIGN_IDENTITY[sdk=iphoneos*]" = "iPhone Developer";
				COPY_PHASE_STRIP = NO;
				DEBUG_INFORMATION_FORMAT = dwarf;
				ENABLE_STRICT_OBJC_MSGSEND = YES;
				ENABLE_TESTABILITY = YES;
				GCC_C_LANGUAGE_STANDARD = gnu99;
				GCC_DYNAMIC_NO_PIC = NO;
				GCC_NO_COMMON_BLOCKS = YES;
				GCC_OPTIMIZATION_LEVEL = 0;
				GCC_PREPROCESSOR_DEFINITIONS = (
					"DEBUG=1",
					"$(inherited)",
				);
				GCC_WARN_64_TO_32_BIT_CONVERSION = YES;
				GCC_WARN_ABOUT_RETURN_TYPE = YES_ERROR;
				GCC_WARN_UNDECLARED_SELECTOR = YES;
				GCC_WARN_UNINITIALIZED_AUTOS = YES_AGGRESSIVE;
				GCC_WARN_UNUSED_FUNCTION = YES;
				GCC_WARN_UNUSED_VARIABLE = YES;
				IPHONEOS_DEPLOYMENT_TARGET = 10.0;
				MTL_ENABLE_DEBUG_INFO = YES;
				ONLY_ACTIVE_ARCH = YES;
				SDKROOT = iphoneos;
				SWIFT_ACTIVE_COMPILATION_CONDITIONS = DEBUG;
				SWIFT_OPTIMIZATION_LEVEL = "-Onone";
				TARGETED_DEVICE_FAMILY = "1,2";
			};
			name = Debug;
		};
		D0081D101DC737DB003F18CC /* Release */ = {
			isa = XCBuildConfiguration;
			buildSettings = {
				ALWAYS_SEARCH_USER_PATHS = NO;
				CLANG_ANALYZER_NONNULL = YES;
				CLANG_CXX_LANGUAGE_STANDARD = "gnu++0x";
				CLANG_CXX_LIBRARY = "libc++";
				CLANG_ENABLE_MODULES = YES;
				CLANG_ENABLE_OBJC_ARC = YES;
				CLANG_WARN_BOOL_CONVERSION = YES;
				CLANG_WARN_CONSTANT_CONVERSION = YES;
				CLANG_WARN_DIRECT_OBJC_ISA_USAGE = YES_ERROR;
				CLANG_WARN_DOCUMENTATION_COMMENTS = YES;
				CLANG_WARN_EMPTY_BODY = YES;
				CLANG_WARN_ENUM_CONVERSION = YES;
				CLANG_WARN_INFINITE_RECURSION = YES;
				CLANG_WARN_INT_CONVERSION = YES;
				CLANG_WARN_OBJC_ROOT_CLASS = YES_ERROR;
				CLANG_WARN_SUSPICIOUS_MOVES = YES;
				CLANG_WARN_UNREACHABLE_CODE = YES;
				CLANG_WARN__DUPLICATE_METHOD_MATCH = YES;
				"CODE_SIGN_IDENTITY[sdk=iphoneos*]" = "iPhone Developer";
				COPY_PHASE_STRIP = NO;
				DEBUG_INFORMATION_FORMAT = "dwarf-with-dsym";
				ENABLE_NS_ASSERTIONS = NO;
				ENABLE_STRICT_OBJC_MSGSEND = YES;
				GCC_C_LANGUAGE_STANDARD = gnu99;
				GCC_NO_COMMON_BLOCKS = YES;
				GCC_WARN_64_TO_32_BIT_CONVERSION = YES;
				GCC_WARN_ABOUT_RETURN_TYPE = YES_ERROR;
				GCC_WARN_UNDECLARED_SELECTOR = YES;
				GCC_WARN_UNINITIALIZED_AUTOS = YES_AGGRESSIVE;
				GCC_WARN_UNUSED_FUNCTION = YES;
				GCC_WARN_UNUSED_VARIABLE = YES;
				IPHONEOS_DEPLOYMENT_TARGET = 10.0;
				MTL_ENABLE_DEBUG_INFO = NO;
				SDKROOT = iphoneos;
				SWIFT_OPTIMIZATION_LEVEL = "-Owholemodule";
				TARGETED_DEVICE_FAMILY = "1,2";
				VALIDATE_PRODUCT = YES;
			};
			name = Release;
		};
		D0081D121DC737DB003F18CC /* Debug */ = {
			isa = XCBuildConfiguration;
			buildSettings = {
				ASSETCATALOG_COMPILER_APPICON_NAME = AppIcon;
				INFOPLIST_FILE = addCustonView/Info.plist;
				LD_RUNPATH_SEARCH_PATHS = "$(inherited) @executable_path/Frameworks";
				PRODUCT_BUNDLE_IDENTIFIER = com.example.addCustonView;
				PRODUCT_NAME = "$(TARGET_NAME)";
				SWIFT_VERSION = 3.0;
			};
			name = Debug;
		};
		D0081D131DC737DB003F18CC /* Release */ = {
			isa = XCBuildConfiguration;
			buildSettings = {
				ASSETCATALOG_COMPILER_APPICON_NAME = AppIcon;
				INFOPLIST_FILE = addCustonView/Info.plist;
				LD_RUNPATH_SEARCH_PATHS = "$(inherited) @executable_path/Frameworks";
				PRODUCT_BUNDLE_IDENTIFIER = com.example.addCustonView;
				PRODUCT_NAME = "$(TARGET_NAME)";
				SWIFT_VERSION = 3.0;
			};
			name = Release;
		};
		D0081D151DC737DB003F18CC /* Debug */ = {
			isa = XCBuildConfiguration;
			buildSettings = {
				ALWAYS_EMBED_SWIFT_STANDARD_LIBRARIES = YES;
				BUNDLE_LOADER = "$(TEST_HOST)";
				INFOPLIST_FILE = addCustonViewTests/Info.plist;
				LD_RUNPATH_SEARCH_PATHS = "$(inherited) @executable_path/Frameworks @loader_path/Frameworks";
				PRODUCT_BUNDLE_IDENTIFIER = com.example.addCustonViewTests;
				PRODUCT_NAME = "$(TARGET_NAME)";
				SWIFT_VERSION = 3.0;
				TEST_HOST = "$(BUILT_PRODUCTS_DIR)/addCustonView.app/addCustonView";
			};
			name = Debug;
		};
		D0081D161DC737DB003F18CC /* Release */ = {
			isa = XCBuildConfiguration;
			buildSettings = {
				ALWAYS_EMBED_SWIFT_STANDARD_LIBRARIES = YES;
				BUNDLE_LOADER = "$(TEST_HOST)";
				INFOPLIST_FILE = addCustonViewTests/Info.plist;
				LD_RUNPATH_SEARCH_PATHS = "$(inherited) @executable_path/Frameworks @loader_path/Frameworks";
				PRODUCT_BUNDLE_IDENTIFIER = com.example.addCustonViewTests;
				PRODUCT_NAME = "$(TARGET_NAME)";
				SWIFT_VERSION = 3.0;
				TEST_HOST = "$(BUILT_PRODUCTS_DIR)/addCustonView.app/addCustonView";
			};
			name = Release;
		};
/* End XCBuildConfiguration section */

/* Begin XCConfigurationList section */
		D0081CEF1DC737DA003F18CC /* Build configuration list for PBXProject "addCustonView" */ = {
			isa = XCConfigurationList;
			buildConfigurations = (
				D0081D0F1DC737DB003F18CC /* Debug */,
				D0081D101DC737DB003F18CC /* Release */,
			);
			defaultConfigurationIsVisible = 0;
			defaultConfigurationName = Release;
		};
		D0081D111DC737DB003F18CC /* Build configuration list for PBXNativeTarget "addCustonView" */ = {
			isa = XCConfigurationList;
			buildConfigurations = (
				D0081D121DC737DB003F18CC /* Debug */,
				D0081D131DC737DB003F18CC /* Release */,
			);
			defaultConfigurationIsVisible = 0;
		};
		D0081D141DC737DB003F18CC /* Build configuration list for PBXNativeTarget "addCustonViewTests" */ = {
			isa = XCConfigurationList;
			buildConfigurations = (
				D0081D151DC737DB003F18CC /* Debug */,
				D0081D161DC737DB003F18CC /* Release */,
			);
			defaultConfigurationIsVisible = 0;
		};
/* End XCConfigurationList section */
	};
	rootObject = D0081CEC1DC737DA003F18CC /* Project object */;
}
