// !$*UTF8*$!
{
	archiveVersion = 1;
	classes = {
	};
	objectVersion = 48;
	objects = {

/* Begin PBXBuildFile section */
		D0E265631FB1BF7900D1BE33 /* AppDelegate.swift in Sources */ = {isa = PBXBuildFile; fileRef = D0E265621FB1BF7900D1BE33 /* AppDelegate.swift */; };
		D0E265651FB1BF7900D1BE33 /* ViewController.swift in Sources */ = {isa = PBXBuildFile; fileRef = D0E265641FB1BF7900D1BE33 /* ViewController.swift */; };
		D0E265681FB1BF7900D1BE33 /* Main.storyboard in Resources */ = {isa = PBXBuildFile; fileRef = D0E265661FB1BF7900D1BE33 /* Main.storyboard */; };
		D0E2656A1FB1BF7900D1BE33 /* Assets.xcassets in Resources */ = {isa = PBXBuildFile; fileRef = D0E265691FB1BF7900D1BE33 /* Assets.xcassets */; };
		D0E2656D1FB1BF7900D1BE33 /* LaunchScreen.storyboard in Resources */ = {isa = PBXBuildFile; fileRef = D0E2656B1FB1BF7900D1BE33 /* LaunchScreen.storyboard */; };
/* End PBXBuildFile section */

/* Begin PBXFileReference section */
		D0E2655F1FB1BF7900D1BE33 /* TestfieldAnimate.app */ = {isa = PBXFileReference; explicitFileType = wrapper.application; includeInIndex = 0; path = TestfieldAnimate.app; sourceTree = BUILT_PRODUCTS_DIR; };
		D0E265621FB1BF7900D1BE33 /* AppDelegate.swift */ = {isa = PBXFileReference; lastKnownFileType = sourcecode.swift; path = AppDelegate.swift; sourceTree = "<group>"; };
		D0E265641FB1BF7900D1BE33 /* ViewController.swift */ = {isa = PBXFileReference; lastKnownFileType = sourcecode.swift; path = ViewController.swift; sourceTree = "<group>"; };
		D0E265671FB1BF7900D1BE33 /* Base */ = {isa = PBXFileReference; lastKnownFileType = file.storyboard; name = Base; path = Base.lproj/Main.storyboard; sourceTree = "<group>"; };
		D0E265691FB1BF7900D1BE33 /* Assets.xcassets */ = {isa = PBXFileReference; lastKnownFileType = folder.assetcatalog; path = Assets.xcassets; sourceTree = "<group>"; };
		D0E2656C1FB1BF7900D1BE33 /* Base */ = {isa = PBXFileReference; lastKnownFileType = file.storyboard; name = Base; path = Base.lproj/LaunchScreen.storyboard; sourceTree = "<group>"; };
		D0E2656E1FB1BF7900D1BE33 /* Info.plist */ = {isa = PBXFileReference; lastKnownFileType = text.plist.xml; path = Info.plist; sourceTree = "<group>"; };
/* End PBXFileReference section */

/* Begin PBXFrameworksBuildPhase section */
		D0E2655C1FB1BF7900D1BE33 /* Frameworks */ = {
			isa = PBXFrameworksBuildPhase;
			buildActionMask = 2147483647;
			files = (
			);
			runOnlyForDeploymentPostprocessing = 0;
		};
/* End PBXFrameworksBuildPhase section */

/* Begin PBXGroup section */
		D0E265561FB1BF7900D1BE33 = {
			isa = PBXGroup;
			children = (
				D0E265611FB1BF7900D1BE33 /* TestfieldAnimate */,
				D0E265601FB1BF7900D1BE33 /* Products */,
			);
			sourceTree = "<group>";
		};
		D0E265601FB1BF7900D1BE33 /* Products */ = {
			isa = PBXGroup;
			children = (
				D0E2655F1FB1BF7900D1BE33 /* TestfieldAnimate.app */,
			);
			name = Products;
			sourceTree = "<group>";
		};
		D0E265611FB1BF7900D1BE33 /* TestfieldAnimate */ = {
			isa = PBXGroup;
			children = (
				D0E265621FB1BF7900D1BE33 /* AppDelegate.swift */,
				D0E265641FB1BF7900D1BE33 /* ViewController.swift */,
				D0E265661FB1BF7900D1BE33 /* Main.storyboard */,
				D0E265691FB1BF7900D1BE33 /* Assets.xcassets */,
				D0E2656B1FB1BF7900D1BE33 /* LaunchScreen.storyboard */,
				D0E2656E1FB1BF7900D1BE33 /* Info.plist */,
			);
			path = TestfieldAnimate;
			sourceTree = "<group>";
		};
/* End PBXGroup section */

/* Begin PBXNativeTarget section */
		D0E2655E1FB1BF7900D1BE33 /* TestfieldAnimate */ = {
			isa = PBXNativeTarget;
			buildConfigurationList = D0E265711FB1BF7900D1BE33 /* Build configuration list for PBXNativeTarget "TestfieldAnimate" */;
			buildPhases = (
				D0E2655B1FB1BF7900D1BE33 /* Sources */,
				D0E2655C1FB1BF7900D1BE33 /* Frameworks */,
				D0E2655D1FB1BF7900D1BE33 /* Resources */,
			);
			buildRules = (
			);
			dependencies = (
			);
			name = TestfieldAnimate;
			productName = TestfieldAnimate;
			productReference = D0E2655F1FB1BF7900D1BE33 /* TestfieldAnimate.app */;
			productType = "com.apple.product-type.application";
		};
/* End PBXNativeTarget section */

/* Begin PBXProject section */
		D0E265571FB1BF7900D1BE33 /* Project object */ = {
			isa = PBXProject;
			attributes = {
				LastSwiftUpdateCheck = 0910;
				LastUpgradeCheck = 0910;
				ORGANIZATIONNAME = "李巍";
				TargetAttributes = {
					D0E2655E1FB1BF7900D1BE33 = {
						CreatedOnToolsVersion = 9.1;
						ProvisioningStyle = Automatic;
					};
				};
			};
			buildConfigurationList = D0E2655A1FB1BF7900D1BE33 /* Build configuration list for PBXProject "TestfieldAnimate" */;
			compatibilityVersion = "Xcode 8.0";
			developmentRegion = en;
			hasScannedForEncodings = 0;
			knownRegions = (
				en,
				Base,
			);
			mainGroup = D0E265561FB1BF7900D1BE33;
			productRefGroup = D0E265601FB1BF7900D1BE33 /* Products */;
			projectDirPath = "";
			projectRoot = "";
			targets = (
				D0E2655E1FB1BF7900D1BE33 /* TestfieldAnimate */,
			);
		};
/* End PBXProject section */

/* Begin PBXResourcesBuildPhase section */
		D0E2655D1FB1BF7900D1BE33 /* Resources */ = {
			isa = PBXResourcesBuildPhase;
			buildActionMask = 2147483647;
			files = (
				D0E2656D1FB1BF7900D1BE33 /* LaunchScreen.storyboard in Resources */,
				D0E2656A1FB1BF7900D1BE33 /* Assets.xcassets in Resources */,
				D0E265681FB1BF7900D1BE33 /* Main.storyboard in Resources */,
			);
			runOnlyForDeploymentPostprocessing = 0;
		};
/* End PBXResourcesBuildPhase section */

/* Begin PBXSourcesBuildPhase section */
		D0E2655B1FB1BF7900D1BE33 /* Sources */ = {
			isa = PBXSourcesBuildPhase;
			buildActionMask = 2147483647;
			files = (
				D0E265651FB1BF7900D1BE33 /* ViewController.swift in Sources */,
				D0E265631FB1BF7900D1BE33 /* AppDelegate.swift in Sources */,
			);
			runOnlyForDeploymentPostprocessing = 0;
		};
/* End PBXSourcesBuildPhase section */

/* Begin PBXVariantGroup section */
		D0E265661FB1BF7900D1BE33 /* Main.storyboard */ = {
			isa = PBXVariantGroup;
			children = (
				D0E265671FB1BF7900D1BE33 /* Base */,
			);
			name = Main.storyboard;
			sourceTree = "<group>";
		};
		D0E2656B1FB1BF7900D1BE33 /* LaunchScreen.storyboard */ = {
			isa = PBXVariantGroup;
			children = (
				D0E2656C1FB1BF7900D1BE33 /* Base */,
			);
			name = LaunchScreen.storyboard;
			sourceTree = "<group>";
		};
/* End PBXVariantGroup section */

/* Begin XCBuildConfiguration section */
		D0E2656F1FB1BF7900D1BE33 /* Debug */ = {
			isa = XCBuildConfiguration;
			buildSettings = {
				ALWAYS_SEARCH_USER_PATHS = NO;
				CLANG_ANALYZER_NONNULL = YES;
				CLANG_ANALYZER_NUMBER_OBJECT_CONVERSION = YES_AGGRESSIVE;
				CLANG_CXX_LANGUAGE_STANDARD = "gnu++14";
				CLANG_CXX_LIBRARY = "libc++";
				CLANG_ENABLE_MODULES = YES;
				CLANG_ENABLE_OBJC_ARC = YES;
				CLANG_WARN_BLOCK_CAPTURE_AUTORELEASING = YES;
				CLANG_WARN_BOOL_CONVERSION = YES;
				CLANG_WARN_COMMA = YES;
				CLANG_WARN_CONSTANT_CONVERSION = YES;
				CLANG_WARN_DIRECT_OBJC_ISA_USAGE = YES_ERROR;
				CLANG_WARN_DOCUMENTATION_COMMENTS = YES;
				CLANG_WARN_EMPTY_BODY = YES;
				CLANG_WARN_ENUM_CONVERSION = YES;
				CLANG_WARN_INFINITE_RECURSION = YES;
				CLANG_WARN_INT_CONVERSION = YES;
				CLANG_WARN_NON_LITERAL_NULL_CONVERSION = YES;
				CLANG_WARN_OBJC_LITERAL_CONVERSION = YES;
				CLANG_WARN_OBJC_ROOT_CLASS = YES_ERROR;
				CLANG_WARN_RANGE_LOOP_ANALYSIS = YES;
				CLANG_WARN_STRICT_PROTOTYPES = YES;
				CLANG_WARN_SUSPICIOUS_MOVE = YES;
				CLANG_WARN_UNGUARDED_AVAILABILITY = YES_AGGRESSIVE;
				CLANG_WARN_UNREACHABLE_CODE = YES;
				CLANG_WARN__DUPLICATE_METHOD_MATCH = YES;
				CODE_SIGN_IDENTITY = "iPhone Developer";
				COPY_PHASE_STRIP = NO;
				DEBUG_INFORMATION_FORMAT = dwarf;
				ENABLE_STRICT_OBJC_MSGSEND = YES;
				ENABLE_TESTABILITY = YES;
				GCC_C_LANGUAGE_STANDARD = gnu11;
				GCC_DYNAMIC_NO_PIC = NO;
				GCC_NO_COMMON_BLOCKS = YES;
				GCC_OPTIMIZATION_LEVEL = 0;
				GCC_PREPROCESSOR_DEFINITIONS = (
					"DEBUG=1",
					"$(inherited)",
				);
				GCC_WARN_64_TO_32_BIT_CONVERSION = YES;
				GCC_WARN_ABOUT_RETURN_TYPE = YES_ERROR;
				GCC_WARN_UNDECLARED_SELECTOR = YES;
				GCC_WARN_UNINITIALIZED_AUTOS = YES_AGGRESSIVE;
				GCC_WARN_UNUSED_FUNCTION = YES;
				GCC_WARN_UNUSED_VARIABLE = YES;
				IPHONEOS_DEPLOYMENT_TARGET = 11.1;
				MTL_ENABLE_DEBUG_INFO = YES;
				ONLY_ACTIVE_ARCH = YES;
				SDKROOT = iphoneos;
				SWIFT_ACTIVE_COMPILATION_CONDITIONS = DEBUG;
				SWIFT_OPTIMIZATION_LEVEL = "-Onone";
			};
			name = Debug;
		};
		D0E265701FB1BF7900D1BE33 /* Release */ = {
			isa = XCBuildConfiguration;
			buildSettings = {
				ALWAYS_SEARCH_USER_PATHS = NO;
				CLANG_ANALYZER_NONNULL = YES;
				CLANG_ANALYZER_NUMBER_OBJECT_CONVERSION = YES_AGGRESSIVE;
				CLANG_CXX_LANGUAGE_STANDARD = "gnu++14";
				CLANG_CXX_LIBRARY = "libc++";
				CLANG_ENABLE_MODULES = YES;
				CLANG_ENABLE_OBJC_ARC = YES;
				CLANG_WARN_BLOCK_CAPTURE_AUTORELEASING = YES;
				CLANG_WARN_BOOL_CONVERSION = YES;
				CLANG_WARN_COMMA = YES;
				CLANG_WARN_CONSTANT_CONVERSION = YES;
				CLANG_WARN_DIRECT_OBJC_ISA_USAGE = YES_ERROR;
				CLANG_WARN_DOCUMENTATION_COMMENTS = YES;
				CLANG_WARN_EMPTY_BODY = YES;
				CLANG_WARN_ENUM_CONVERSION = YES;
				CLANG_WARN_INFINITE_RECURSION = YES;
				CLANG_WARN_INT_CONVERSION = YES;
				CLANG_WARN_NON_LITERAL_NULL_CONVERSION = YES;
				CLANG_WARN_OBJC_LITERAL_CONVERSION = YES;
				CLANG_WARN_OBJC_ROOT_CLASS = YES_ERROR;
				CLANG_WARN_RANGE_LOOP_ANALYSIS = YES;
				CLANG_WARN_STRICT_PROTOTYPES = YES;
				CLANG_WARN_SUSPICIOUS_MOVE = YES;
				CLANG_WARN_UNGUARDED_AVAILABILITY = YES_AGGRESSIVE;
				CLANG_WARN_UNREACHABLE_CODE = YES;
				CLANG_WARN__DUPLICATE_METHOD_MATCH = YES;
				CODE_SIGN_IDENTITY = "iPhone Developer";
				COPY_PHASE_STRIP = NO;
				DEBUG_INFORMATION_FORMAT = "dwarf-with-dsym";
				ENABLE_NS_ASSERTIONS = NO;
				ENABLE_STRICT_OBJC_MSGSEND = YES;
				GCC_C_LANGUAGE_STANDARD = gnu11;
				GCC_NO_COMMON_BLOCKS = YES;
				GCC_WARN_64_TO_32_BIT_CONVERSION = YES;
				GCC_WARN_ABOUT_RETURN_TYPE = YES_ERROR;
				GCC_WARN_UNDECLARED_SELECTOR = YES;
				GCC_WARN_UNINITIALIZED_AUTOS = YES_AGGRESSIVE;
				GCC_WARN_UNUSED_FUNCTION = YES;
				GCC_WARN_UNUSED_VARIABLE = YES;
				IPHONEOS_DEPLOYMENT_TARGET = 11.1;
				MTL_ENABLE_DEBUG_INFO = NO;
				SDKROOT = iphoneos;
				SWIFT_OPTIMIZATION_LEVEL = "-Owholemodule";
				VALIDATE_PRODUCT = YES;
			};
			name = Release;
		};
		D0E265721FB1BF7900D1BE33 /* Debug */ = {
			isa = XCBuildConfiguration;
			buildSettings = {
				ASSETCATALOG_COMPILER_APPICON_NAME = AppIcon;
				CODE_SIGN_STYLE = Automatic;
				INFOPLIST_FILE = TestfieldAnimate/Info.plist;
				LD_RUNPATH_SEARCH_PATHS = "$(inherited) @executable_path/Frameworks";
				PRODUCT_BUNDLE_IDENTIFIER = weili.cs.sicnu.edu.cn.TestfieldAnimate;
				PRODUCT_NAME = "$(TARGET_NAME)";
				SWIFT_VERSION = 4.0;
				TARGETED_DEVICE_FAMILY = "1,2";
			};
			name = Debug;
		};
		D0E265731FB1BF7900D1BE33 /* Release */ = {
			isa = XCBuildConfiguration;
			buildSettings = {
				ASSETCATALOG_COMPILER_APPICON_NAME = AppIcon;
				CODE_SIGN_STYLE = Automatic;
				INFOPLIST_FILE = TestfieldAnimate/Info.plist;
				LD_RUNPATH_SEARCH_PATHS = "$(inherited) @executable_path/Frameworks";
				PRODUCT_BUNDLE_IDENTIFIER = weili.cs.sicnu.edu.cn.TestfieldAnimate;
				PRODUCT_NAME = "$(TARGET_NAME)";
				SWIFT_VERSION = 4.0;
				TARGETED_DEVICE_FAMILY = "1,2";
			};
			name = Release;
		};
/* End XCBuildConfiguration section */

/* Begin XCConfigurationList section */
		D0E2655A1FB1BF7900D1BE33 /* Build configuration list for PBXProject "TestfieldAnimate" */ = {
			isa = XCConfigurationList;
			buildConfigurations = (
				D0E2656F1FB1BF7900D1BE33 /* Debug */,
				D0E265701FB1BF7900D1BE33 /* Release */,
			);
			defaultConfigurationIsVisible = 0;
			defaultConfigurationName = Release;
		};
		D0E265711FB1BF7900D1BE33 /* Build configuration list for PBXNativeTarget "TestfieldAnimate" */ = {
			isa = XCConfigurationList;
			buildConfigurations = (
				D0E265721FB1BF7900D1BE33 /* Debug */,
				D0E265731FB1BF7900D1BE33 /* Release */,
			);
			defaultConfigurationIsVisible = 0;
			defaultConfigurationName = Release;
		};
/* End XCConfigurationList section */
	};
	rootObject = D0E265571FB1BF7900D1BE33 /* Project object */;
}
